
Microsoft Visual Studio Solution File, Format Version 12.00
# Visual Studio 15
VisualStudioVersion = 15.0.26228.12
MinimumVisualStudioVersion = 10.0.40219.1
Project("{FAE04EC0-301F-11D3-BF4B-00C04F79EFBC}") = "BesiegeCustomScene-for-0.6", "BesiegeCustomScene-Besiege\BesiegeCustomScene-for-0.6.csproj", "{6A16F1F7-31C2-4CAE-9FD3-0C56BBD29757}"
EndProject
Global
	GlobalSection(SolutionConfigurationPlatforms) = preSolution
		Debug|Any CPU = Debug|Any CPU
		Release|Any CPU = Release|Any CPU
	EndGlobalSection
	GlobalSection(ProjectConfigurationPlatforms) = postSolution
		{6A16F1F7-31C2-4CAE-9FD3-0C56BBD29757}.Debug|Any CPU.ActiveCfg = Debug|Any CPU
		{6A16F1F7-31C2-4CAE-9FD3-0C56BBD29757}.Debug|Any CPU.Build.0 = Debug|Any CPU
		{6A16F1F7-31C2-4CAE-9FD3-0C56BBD29757}.Release|Any CPU.ActiveCfg = Release|Any CPU
		{6A16F1F7-31C2-4CAE-9FD3-0C56BBD29757}.Release|Any CPU.Build.0 = Release|Any CPU
	EndGlobalSection
	GlobalSection(SolutionProperties) = preSolution
		HideSolutionNode = FALSE
	EndGlobalSection
	GlobalSection(ExtensibilityGlobals) = postSolution
		SolutionGuid = {79B6385A-9D84-43DD-A4CA-67241DD5A147}
	EndGlobalSection
EndGlobal
